
Microsoft Visual Studio Solution File, Format Version 12.00
# Visual Studio Version 16
VisualStudioVersion = 16.0.31205.134
MinimumVisualStudioVersion = 10.0.40219.1
Project("{FAE04EC0-301F-11D3-BF4B-00C04F79EFBC}") = "Formacion.CSharp.ConsolaApp1", "Formacion.CSharp.ConsolaApp1.csproj", "{F8C2A34A-A155-4EDC-8A58-FD97FE4C5103}"
EndProject
Project("{2150E333-8FDC-42A3-9474-1A3956D46DE8}") = "1.Review of CSharp Syntax", "1.Review of CSharp Syntax", "{E3B86520-7EFD-48BD-B715-312AEAEBB804}"
EndProject
Global
	GlobalSection(SolutionConfigurationPlatforms) = preSolution
		Debug|Any CPU = Debug|Any CPU
		Release|Any CPU = Release|Any CPU
	EndGlobalSection
	GlobalSection(ProjectConfigurationPlatforms) = postSolution
		{F8C2A34A-A155-4EDC-8A58-FD97FE4C5103}.Debug|Any CPU.ActiveCfg = Debug|Any CPU
		{F8C2A34A-A155-4EDC-8A58-FD97FE4C5103}.Debug|Any CPU.Build.0 = Debug|Any CPU
		{F8C2A34A-A155-4EDC-8A58-FD97FE4C5103}.Release|Any CPU.ActiveCfg = Release|Any CPU
		{F8C2A34A-A155-4EDC-8A58-FD97FE4C5103}.Release|Any CPU.Build.0 = Release|Any CPU
	EndGlobalSection
	GlobalSection(SolutionProperties) = preSolution
		HideSolutionNode = FALSE
	EndGlobalSection
	GlobalSection(NestedProjects) = preSolution
		{F8C2A34A-A155-4EDC-8A58-FD97FE4C5103} = {E3B86520-7EFD-48BD-B715-312AEAEBB804}
	EndGlobalSection
	GlobalSection(ExtensibilityGlobals) = postSolution
		SolutionGuid = {EA78BE2D-D8C2-4133-8D4A-B09473601033}
	EndGlobalSection
EndGlobal
