
Microsoft Visual Studio Solution File, Format Version 12.00
# Visual Studio Version 16
VisualStudioVersion = 16.0.31205.134
MinimumVisualStudioVersion = 10.0.40219.1
Project("{2150E333-8FDC-42A3-9474-1A3956D46DE8}") = "2.Creating Methods, Handling Exceptions and Monitoring", "2.Creating Methods, Handling Exceptions and Monitoring", "{653DDAA4-FCDB-4F82-AA46-589556737CE4}"
EndProject
Project("{9A19103F-16F7-4668-BE54-9A1E7A4F7556}") = "Formacion.CSharp.ConsoleApp2", "Formacion.CSharp.ConsoleApp2\Formacion.CSharp.ConsoleApp2.csproj", "{BFCB9C7A-ACF4-4515-922C-6997F479C15C}"
EndProject
Project("{9A19103F-16F7-4668-BE54-9A1E7A4F7556}") = "Formacion.CSharp.ConsolaApp1", "Formacion.CSharp.ConsoleApp\Formacion.CSharp.ConsolaApp1.csproj", "{A964C1BF-F570-44DA-A595-37BDFE49C4B4}"
EndProject
Project("{2150E333-8FDC-42A3-9474-1A3956D46DE8}") = "1. Review of Visual CSharp Syntax", "1. Review of Visual CSharp Syntax", "{C3D2EC92-A7BE-4B57-A093-0C3877AFB440}"
EndProject
Project("{2150E333-8FDC-42A3-9474-1A3956D46DE8}") = "99.Extras", "99.Extras", "{A4EE950D-8384-4DEB-8509-C80FE46ED757}"
EndProject
Project("{9A19103F-16F7-4668-BE54-9A1E7A4F7556}") = "Formacion.CSharp.WebApplication1", "WebApplication1\Formacion.CSharp.WebApplication1.csproj", "{5FE8C296-0379-43FC-8744-BD105163B155}"
EndProject
Project("{9A19103F-16F7-4668-BE54-9A1E7A4F7556}") = "Formacion.CSharp.ConsoleApp3", "DEMOS\Formacion.CSharp.ConsoleApp3.csproj", "{122957B7-4BE3-4B51-AFC1-45843E513140}"
EndProject
Project("{9A19103F-16F7-4668-BE54-9A1E7A4F7556}") = "Formacion.CSharp.ConsoleAppLinq", "Formacion.CSharp.Linq\Formacion.CSharp.ConsoleAppLinq.csproj", "{DD88D401-A22F-46FC-9A3E-B57D84E27805}"
EndProject
Project("{2150E333-8FDC-42A3-9474-1A3956D46DE8}") = "3.Organizing data into collections", "3.Organizing data into collections", "{930DB5F9-99F1-4F10-A32A-EF360DE543A3}"
EndProject
Project("{9A19103F-16F7-4668-BE54-9A1E7A4F7556}") = "Formacion.CSharp.ConsoleAppData", "Formacion.CSharp.ConsoleAppData\Formacion.CSharp.ConsoleAppData.csproj", "{B0F9C066-461F-417D-BF9B-F888C8A710C6}"
EndProject
Project("{2150E333-8FDC-42A3-9474-1A3956D46DE8}") = "00 Librerias", "00 Librerias", "{2D3CA924-0CBA-4D06-9829-0B40F74EDAD6}"
EndProject
Project("{9A19103F-16F7-4668-BE54-9A1E7A4F7556}") = "NorthWind", "NorthWind\NorthWind.csproj", "{DBF8B4A3-425D-4162-9280-3517E7B616A0}"
EndProject
Project("{2150E333-8FDC-42A3-9474-1A3956D46DE8}") = "4.API Rest", "4.API Rest", "{3F23D274-4FC7-4471-931F-A0318E045072}"
EndProject
Project("{9A19103F-16F7-4668-BE54-9A1E7A4F7556}") = "Formacion.CSharp.ConsoleAppAPIClient", "Formacion.CSharp.ConsoleAppAPIClient\Formacion.CSharp.ConsoleAppAPIClient.csproj", "{924210D9-D3C6-4120-804C-111CB4543BDA}"
EndProject
Project("{FAE04EC0-301F-11D3-BF4B-00C04F79EFBC}") = "MicroServicioNorthwind", "MicroServicioNorthwind\MicroServicioNorthwind.csproj", "{0EE78807-3A3F-48C9-B995-6E3DA4893CEC}"
EndProject
Project("{2150E333-8FDC-42A3-9474-1A3956D46DE8}") = "AA_Ejercicios CSharp", "AA_Ejercicios CSharp", "{C1B72F4D-3593-43AB-BCFB-AA25CBC01A99}"
EndProject
Project("{9A19103F-16F7-4668-BE54-9A1E7A4F7556}") = "1A.Ejercicios.ConsoleApp", "1A.Ejercicios.ConsoleApp\1A.Ejercicios.ConsoleApp.csproj", "{A804DF03-FCF1-4E2D-ADE4-5CEB4B0DAD25}"
EndProject
Project("{FAE04EC0-301F-11D3-BF4B-00C04F79EFBC}") = "Formacion.CSharp.APINorthwind", "Formacion.CSharp.APINorthwind\Formacion.CSharp.APINorthwind.csproj", "{33309372-5953-4A78-B405-5A0ACA517906}"
EndProject
Global
	GlobalSection(SolutionConfigurationPlatforms) = preSolution
		Debug|Any CPU = Debug|Any CPU
		Release|Any CPU = Release|Any CPU
	EndGlobalSection
	GlobalSection(ProjectConfigurationPlatforms) = postSolution
		{BFCB9C7A-ACF4-4515-922C-6997F479C15C}.Debug|Any CPU.ActiveCfg = Debug|Any CPU
		{BFCB9C7A-ACF4-4515-922C-6997F479C15C}.Debug|Any CPU.Build.0 = Debug|Any CPU
		{BFCB9C7A-ACF4-4515-922C-6997F479C15C}.Release|Any CPU.ActiveCfg = Release|Any CPU
		{BFCB9C7A-ACF4-4515-922C-6997F479C15C}.Release|Any CPU.Build.0 = Release|Any CPU
		{A964C1BF-F570-44DA-A595-37BDFE49C4B4}.Debug|Any CPU.ActiveCfg = Debug|Any CPU
		{A964C1BF-F570-44DA-A595-37BDFE49C4B4}.Debug|Any CPU.Build.0 = Debug|Any CPU
		{A964C1BF-F570-44DA-A595-37BDFE49C4B4}.Release|Any CPU.ActiveCfg = Release|Any CPU
		{A964C1BF-F570-44DA-A595-37BDFE49C4B4}.Release|Any CPU.Build.0 = Release|Any CPU
		{5FE8C296-0379-43FC-8744-BD105163B155}.Debug|Any CPU.ActiveCfg = Debug|Any CPU
		{5FE8C296-0379-43FC-8744-BD105163B155}.Debug|Any CPU.Build.0 = Debug|Any CPU
		{5FE8C296-0379-43FC-8744-BD105163B155}.Release|Any CPU.ActiveCfg = Release|Any CPU
		{5FE8C296-0379-43FC-8744-BD105163B155}.Release|Any CPU.Build.0 = Release|Any CPU
		{122957B7-4BE3-4B51-AFC1-45843E513140}.Debug|Any CPU.ActiveCfg = Debug|Any CPU
		{122957B7-4BE3-4B51-AFC1-45843E513140}.Debug|Any CPU.Build.0 = Debug|Any CPU
		{122957B7-4BE3-4B51-AFC1-45843E513140}.Release|Any CPU.ActiveCfg = Release|Any CPU
		{122957B7-4BE3-4B51-AFC1-45843E513140}.Release|Any CPU.Build.0 = Release|Any CPU
		{DD88D401-A22F-46FC-9A3E-B57D84E27805}.Debug|Any CPU.ActiveCfg = Debug|Any CPU
		{DD88D401-A22F-46FC-9A3E-B57D84E27805}.Debug|Any CPU.Build.0 = Debug|Any CPU
		{DD88D401-A22F-46FC-9A3E-B57D84E27805}.Release|Any CPU.ActiveCfg = Release|Any CPU
		{DD88D401-A22F-46FC-9A3E-B57D84E27805}.Release|Any CPU.Build.0 = Release|Any CPU
		{B0F9C066-461F-417D-BF9B-F888C8A710C6}.Debug|Any CPU.ActiveCfg = Debug|Any CPU
		{B0F9C066-461F-417D-BF9B-F888C8A710C6}.Debug|Any CPU.Build.0 = Debug|Any CPU
		{B0F9C066-461F-417D-BF9B-F888C8A710C6}.Release|Any CPU.ActiveCfg = Release|Any CPU
		{B0F9C066-461F-417D-BF9B-F888C8A710C6}.Release|Any CPU.Build.0 = Release|Any CPU
		{DBF8B4A3-425D-4162-9280-3517E7B616A0}.Debug|Any CPU.ActiveCfg = Debug|Any CPU
		{DBF8B4A3-425D-4162-9280-3517E7B616A0}.Debug|Any CPU.Build.0 = Debug|Any CPU
		{DBF8B4A3-425D-4162-9280-3517E7B616A0}.Release|Any CPU.ActiveCfg = Release|Any CPU
		{DBF8B4A3-425D-4162-9280-3517E7B616A0}.Release|Any CPU.Build.0 = Release|Any CPU
		{924210D9-D3C6-4120-804C-111CB4543BDA}.Debug|Any CPU.ActiveCfg = Debug|Any CPU
		{924210D9-D3C6-4120-804C-111CB4543BDA}.Debug|Any CPU.Build.0 = Debug|Any CPU
		{924210D9-D3C6-4120-804C-111CB4543BDA}.Release|Any CPU.ActiveCfg = Release|Any CPU
		{924210D9-D3C6-4120-804C-111CB4543BDA}.Release|Any CPU.Build.0 = Release|Any CPU
		{0EE78807-3A3F-48C9-B995-6E3DA4893CEC}.Debug|Any CPU.ActiveCfg = Debug|Any CPU
		{0EE78807-3A3F-48C9-B995-6E3DA4893CEC}.Debug|Any CPU.Build.0 = Debug|Any CPU
		{0EE78807-3A3F-48C9-B995-6E3DA4893CEC}.Release|Any CPU.ActiveCfg = Release|Any CPU
		{0EE78807-3A3F-48C9-B995-6E3DA4893CEC}.Release|Any CPU.Build.0 = Release|Any CPU
		{A804DF03-FCF1-4E2D-ADE4-5CEB4B0DAD25}.Debug|Any CPU.ActiveCfg = Debug|Any CPU
		{A804DF03-FCF1-4E2D-ADE4-5CEB4B0DAD25}.Debug|Any CPU.Build.0 = Debug|Any CPU
		{A804DF03-FCF1-4E2D-ADE4-5CEB4B0DAD25}.Release|Any CPU.ActiveCfg = Release|Any CPU
		{A804DF03-FCF1-4E2D-ADE4-5CEB4B0DAD25}.Release|Any CPU.Build.0 = Release|Any CPU
		{33309372-5953-4A78-B405-5A0ACA517906}.Debug|Any CPU.ActiveCfg = Debug|Any CPU
		{33309372-5953-4A78-B405-5A0ACA517906}.Debug|Any CPU.Build.0 = Debug|Any CPU
		{33309372-5953-4A78-B405-5A0ACA517906}.Release|Any CPU.ActiveCfg = Release|Any CPU
		{33309372-5953-4A78-B405-5A0ACA517906}.Release|Any CPU.Build.0 = Release|Any CPU
	EndGlobalSection
	GlobalSection(SolutionProperties) = preSolution
		HideSolutionNode = FALSE
	EndGlobalSection
	GlobalSection(NestedProjects) = preSolution
		{BFCB9C7A-ACF4-4515-922C-6997F479C15C} = {653DDAA4-FCDB-4F82-AA46-589556737CE4}
		{A964C1BF-F570-44DA-A595-37BDFE49C4B4} = {C3D2EC92-A7BE-4B57-A093-0C3877AFB440}
		{5FE8C296-0379-43FC-8744-BD105163B155} = {A4EE950D-8384-4DEB-8509-C80FE46ED757}
		{122957B7-4BE3-4B51-AFC1-45843E513140} = {930DB5F9-99F1-4F10-A32A-EF360DE543A3}
		{DD88D401-A22F-46FC-9A3E-B57D84E27805} = {930DB5F9-99F1-4F10-A32A-EF360DE543A3}
		{B0F9C066-461F-417D-BF9B-F888C8A710C6} = {930DB5F9-99F1-4F10-A32A-EF360DE543A3}
		{DBF8B4A3-425D-4162-9280-3517E7B616A0} = {2D3CA924-0CBA-4D06-9829-0B40F74EDAD6}
		{924210D9-D3C6-4120-804C-111CB4543BDA} = {3F23D274-4FC7-4471-931F-A0318E045072}
		{0EE78807-3A3F-48C9-B995-6E3DA4893CEC} = {3F23D274-4FC7-4471-931F-A0318E045072}
		{A804DF03-FCF1-4E2D-ADE4-5CEB4B0DAD25} = {C1B72F4D-3593-43AB-BCFB-AA25CBC01A99}
		{33309372-5953-4A78-B405-5A0ACA517906} = {3F23D274-4FC7-4471-931F-A0318E045072}
	EndGlobalSection
	GlobalSection(ExtensibilityGlobals) = postSolution
		SolutionGuid = {99E031E1-A57D-4E00-9DC5-878FECC5E4D0}
	EndGlobalSection
EndGlobal
